
Microsoft Visual Studio Solution File, Format Version 12.00
# Visual Studio Version 16
VisualStudioVersion = 16.0.33801.447
MinimumVisualStudioVersion = 10.0.40219.1
Project("{FAE04EC0-301F-11D3-BF4B-00C04F79EFBC}") = "MvcKutuphane", "MvcKutuphane\MvcKutuphane.csproj", "{CDD477B0-6727-4B34-B9DA-E58957DD5DAE}"
EndProject
Global
	GlobalSection(SolutionConfigurationPlatforms) = preSolution
		Debug|Any CPU = Debug|Any CPU
		Release|Any CPU = Release|Any CPU
	EndGlobalSection
	GlobalSection(ProjectConfigurationPlatforms) = postSolution
		{CDD477B0-6727-4B34-B9DA-E58957DD5DAE}.Debug|Any CPU.ActiveCfg = Debug|Any CPU
		{CDD477B0-6727-4B34-B9DA-E58957DD5DAE}.Debug|Any CPU.Build.0 = Debug|Any CPU
		{CDD477B0-6727-4B34-B9DA-E58957DD5DAE}.Release|Any CPU.ActiveCfg = Release|Any CPU
		{CDD477B0-6727-4B34-B9DA-E58957DD5DAE}.Release|Any CPU.Build.0 = Release|Any CPU
	EndGlobalSection
	GlobalSection(SolutionProperties) = preSolution
		HideSolutionNode = FALSE
	EndGlobalSection
	GlobalSection(ExtensibilityGlobals) = postSolution
		SolutionGuid = {89735ED0-33B2-4F0D-89B6-8E8293AF1865}
	EndGlobalSection
EndGlobal
